// !$*UTF8*$!
{
	archiveVersion = 1;
	classes = {
	};
	objectVersion = 77;
	objects = {

/* Begin PBXContainerItemProxy section */
		52A994EA305CBDD4009074AB /* PBXContainerItemProxy */ = {
			isa = PBXContainerItemProxy;
			containerPortal = 52EB3DF82F1EFF2800E067C1 /* Project object */;
			proxyType = 1;
			remoteGlobalIDString = 52EB3DFF2F1EFF2800E067C1;
			remoteInfo = SudokuiOS;
		};
		52A9950A305D0000009074AB /* PBXContainerItemProxy */ = {
			isa = PBXContainerItemProxy;
			containerPortal = 52EB3DF82F1EFF2800E067C1 /* Project object */;
			proxyType = 1;
			remoteGlobalIDString = 52EB3DFF2F1EFF2800E067C1;
			remoteInfo = SudokuiOS;
		};
/* End PBXContainerItemProxy section */

/* Begin PBXFileReference section */
		52A994E6305CBDD4009074AB /* SudokuiOSTests.xctest */ = {isa = PBXFileReference; explicitFileType = wrapper.cfbundle; includeInIndex = 0; path = SudokuiOSTests.xctest; sourceTree = BUILT_PRODUCTS_DIR; };
		52EB3E002F1EFF2800E067C1 /* SudokuiOS.app */ = {isa = PBXFileReference; explicitFileType = wrapper.application; includeInIndex = 0; path = SudokuiOS.app; sourceTree = BUILT_PRODUCTS_DIR; };
		52A9950B305D0000009074AB /* SudokuiOSUITests.xctest */ = {isa = PBXFileReference; explicitFileType = wrapper.cfbundle; includeInIndex = 0; path = SudokuiOSUITests.xctest; sourceTree = BUILT_PRODUCTS_DIR; };
/* End PBXFileReference section */

/* Begin PBXFileSystemSynchronizedBuildFileExceptionSet section */
		52A994F2305CBDE1009074AB /* Exceptions for "SudokuiOS" folder in "SudokuiOSTests" target */ = {
			isa = PBXFileSystemSynchronizedBuildFileExceptionSet;
			membershipExceptions = (
				SequentialUnlockTests.swift,
			);
			target = 52A994E5305CBDD4009074AB /* SudokuiOSTests */;
		};
		52EB3E142F1EFF2800E067C1 /* Exceptions for "SudokuiOS" folder in "SudokuiOS" target */ = {
			isa = PBXFileSystemSynchronizedBuildFileExceptionSet;
			membershipExceptions = (
				Info.plist,
				SequentialUnlockTests.swift,
			);
			target = 52EB3DFF2F1EFF2800E067C1 /* SudokuiOS */;
		};
/* End PBXFileSystemSynchronizedBuildFileExceptionSet section */

/* Begin PBXFileSystemSynchronizedRootGroup section */
		52A994E7305CBDD4009074AB /* SudokuiOSTests */ = {
			isa = PBXFileSystemSynchronizedRootGroup;
			path = SudokuiOSTests;
			sourceTree = "<group>";
		};
		52EB3E022F1EFF2800E067C1 /* SudokuiOS */ = {
			isa = PBXFileSystemSynchronizedRootGroup;
			exceptions = (
				52EB3E142F1EFF2800E067C1 /* Exceptions for "SudokuiOS" folder in "SudokuiOS" target */,
				52A994F2305CBDE1009074AB /* Exceptions for "SudokuiOS" folder in "SudokuiOSTests" target */,
			);
			path = SudokuiOS;
			sourceTree = "<group>";
		};
		52A9950C305D0000009074AB /* SudokuiOSUITests */ = {
			isa = PBXFileSystemSynchronizedRootGroup;
			path = SudokuiOSUITests;
			sourceTree = "<group>";
		};
/* End PBXFileSystemSynchronizedRootGroup section */

/* Begin PBXFrameworksBuildPhase section */
		52A994E3305CBDD4009074AB /* Frameworks */ = {
			isa = PBXFrameworksBuildPhase;
			buildActionMask = 2147483647;
			files = (
			);
			runOnlyForDeploymentPostprocessing = 0;
		};
		52EB3DFD2F1EFF2800E067C1 /* Frameworks */ = {
			isa = PBXFrameworksBuildPhase;
			buildActionMask = 2147483647;
			files = (
			);
			runOnlyForDeploymentPostprocessing = 0;
		};
		52A9950D305D0000009074AB /* Frameworks */ = {
			isa = PBXFrameworksBuildPhase;
			buildActionMask = 2147483647;
			files = (
			);
			runOnlyForDeploymentPostprocessing = 0;
		};
/* End PBXFrameworksBuildPhase section */

/* Begin PBXGroup section */
		52EB3DF72F1EFF2800E067C1 = {
			isa = PBXGroup;
			children = (
				52EB3E022F1EFF2800E067C1 /* SudokuiOS */,
				52A994E7305CBDD4009074AB /* SudokuiOSTests */,
				52A9950C305D0000009074AB /* SudokuiOSUITests */,
				52EB3E012F1EFF2800E067C1 /* Products */,
			);
			sourceTree = "<group>";
		};
		52EB3E012F1EFF2800E067C1 /* Products */ = {
			isa = PBXGroup;
			children = (
				52EB3E002F1EFF2800E067C1 /* SudokuiOS.app */,
				52A994E6305CBDD4009074AB /* SudokuiOSTests.xctest */,
				52A9950B305D0000009074AB /* SudokuiOSUITests.xctest */,
			);
			name = Products;
			sourceTree = "<group>";
		};
/* End PBXGroup section */

/* Begin PBXNativeTarget section */
		52A994E5305CBDD4009074AB /* SudokuiOSTests */ = {
			isa = PBXNativeTarget;
			buildConfigurationList = 52A994EC305CBDD4009074AB /* Build configuration list for PBXNativeTarget "SudokuiOSTests" */;
			buildPhases = (
				52A994E2305CBDD4009074AB /* Sources */,
				52A994E3305CBDD4009074AB /* Frameworks */,
				52A994E4305CBDD4009074AB /* Resources */,
			);
			buildRules = (
			);
			dependencies = (
				52A994EB305CBDD4009074AB /* PBXTargetDependency */,
			);
			fileSystemSynchronizedGroups = (
				52A994E7305CBDD4009074AB /* SudokuiOSTests */,
			);
			name = SudokuiOSTests;
			packageProductDependencies = (
			);
			productName = SudokuiOSTests;
			productReference = 52A994E6305CBDD4009074AB /* SudokuiOSTests.xctest */;
			productType = "com.apple.product-type.bundle.unit-test";
		};
		52EB3DFF2F1EFF2800E067C1 /* SudokuiOS */ = {
			isa = PBXNativeTarget;
			buildConfigurationList = 52EB3E0B2F1EFF2C00E067C1 /* Build configuration list for PBXNativeTarget "SudokuiOS" */;
			buildPhases = (
				52EB3DFC2F1EFF2800E067C1 /* Sources */,
				52EB3DFD2F1EFF2800E067C1 /* Frameworks */,
				52EB3DFE2F1EFF2800E067C1 /* Resources */,
			);
			buildRules = (
			);
			dependencies = (
			);
			fileSystemSynchronizedGroups = (
				52EB3E022F1EFF2800E067C1 /* SudokuiOS */,
			);
			name = SudokuiOS;
			packageProductDependencies = (
			);
			productName = SudokuiOS;
			productReference = 52EB3E002F1EFF2800E067C1 /* SudokuiOS.app */;
			productType = "com.apple.product-type.application";
		};
		52A99510305D0000009074AB /* SudokuiOSUITests */ = {
			isa = PBXNativeTarget;
			buildConfigurationList = 52A99511305D0000009074AB /* Build configuration list for PBXNativeTarget "SudokuiOSUITests" */;
			buildPhases = (
				52A9950F305D0000009074AB /* Sources */,
				52A9950D305D0000009074AB /* Frameworks */,
				52A9950E305D0000009074AB /* Resources */,
			);
			buildRules = (
			);
			dependencies = (
				52A99514305D0000009074AB /* PBXTargetDependency */,
			);
			fileSystemSynchronizedGroups = (
				52A9950C305D0000009074AB /* SudokuiOSUITests */,
			);
			name = SudokuiOSUITests;
			packageProductDependencies = (
			);
			productName = SudokuiOSUITests;
			productReference = 52A9950B305D0000009074AB /* SudokuiOSUITests.xctest */;
			productType = "com.apple.product-type.bundle.ui-testing";
		};
/* End PBXNativeTarget section */

/* Begin PBXProject section */
		52EB3DF82F1EFF2800E067C1 /* Project object */ = {
			isa = PBXProject;
			attributes = {
				BuildIndependentTargetsInParallel = 1;
				LastSwiftUpdateCheck = 2610;
				LastUpgradeCheck = 2650;
				TargetAttributes = {
					52A994E5305CBDD4009074AB = {
						CreatedOnToolsVersion = 26.1.1;
						TestTargetID = 52EB3DFF2F1EFF2800E067C1;
					};
					52EB3DFF2F1EFF2800E067C1 = {
						CreatedOnToolsVersion = 26.1.1;
					};
					52A99510305D0000009074AB = {
						CreatedOnToolsVersion = 26.1.1;
						TestTargetID = 52EB3DFF2F1EFF2800E067C1;
					};
				};
			};
			buildConfigurationList = 52EB3DFB2F1EFF2800E067C1 /* Build configuration list for PBXProject "SudokuiOS" */;
			developmentRegion = en;
			hasScannedForEncodings = 0;
			knownRegions = (
				en,
				fr,
				uk,
				Base,
			);
			mainGroup = 52EB3DF72F1EFF2800E067C1;
			minimizedProjectReferenceProxies = 1;
			preferredProjectObjectVersion = 77;
			productRefGroup = 52EB3E012F1EFF2800E067C1 /* Products */;
			projectDirPath = "";
			projectRoot = "";
			targets = (
				52EB3DFF2F1EFF2800E067C1 /* SudokuiOS */,
				52A994E5305CBDD4009074AB /* SudokuiOSTests */,
				52A99510305D0000009074AB /* SudokuiOSUITests */,
			);
		};
/* End PBXProject section */

/* Begin PBXResourcesBuildPhase section */
		52A994E4305CBDD4009074AB /* Resources */ = {
			isa = PBXResourcesBuildPhase;
			buildActionMask = 2147483647;
			files = (
			);
			runOnlyForDeploymentPostprocessing = 0;
		};
		52EB3DFE2F1EFF2800E067C1 /* Resources */ = {
			isa = PBXResourcesBuildPhase;
			buildActionMask = 2147483647;
			files = (
			);
			runOnlyForDeploymentPostprocessing = 0;
		};
		52A9950E305D0000009074AB /* Resources */ = {
			isa = PBXResourcesBuildPhase;
			buildActionMask = 2147483647;
			files = (
			);
			runOnlyForDeploymentPostprocessing = 0;
		};
/* End PBXResourcesBuildPhase section */

/* Begin PBXSourcesBuildPhase section */
		52A994E2305CBDD4009074AB /* Sources */ = {
			isa = PBXSourcesBuildPhase;
			buildActionMask = 2147483647;
			files = (
			);
			runOnlyForDeploymentPostprocessing = 0;
		};
		52EB3DFC2F1EFF2800E067C1 /* Sources */ = {
			isa = PBXSourcesBuildPhase;
			buildActionMask = 2147483647;
			files = (
			);
			runOnlyForDeploymentPostprocessing = 0;
		};
		52A9950F305D0000009074AB /* Sources */ = {
			isa = PBXSourcesBuildPhase;
			buildActionMask = 2147483647;
			files = (
			);
			runOnlyForDeploymentPostprocessing = 0;
		};
/* End PBXSourcesBuildPhase section */

/* Begin PBXTargetDependency section */
		52A994EB305CBDD4009074AB /* PBXTargetDependency */ = {
			isa = PBXTargetDependency;
			target = 52EB3DFF2F1EFF2800E067C1 /* SudokuiOS */;
			targetProxy = 52A994EA305CBDD4009074AB /* PBXContainerItemProxy */;
		};
		52A99514305D0000009074AB /* PBXTargetDependency */ = {
			isa = PBXTargetDependency;
			target = 52EB3DFF2F1EFF2800E067C1 /* SudokuiOS */;
			targetProxy = 52A9950A305D0000009074AB /* PBXContainerItemProxy */;
		};
/* End PBXTargetDependency section */

/* Begin XCBuildConfiguration section */
		52A994ED305CBDD4009074AB /* Debug */ = {
			isa = XCBuildConfiguration;
			buildSettings = {
				BUNDLE_LOADER = "$(TEST_HOST)";
				CODE_SIGN_STYLE = Automatic;
				CURRENT_PROJECT_VERSION = 1;
				GENERATE_INFOPLIST_FILE = YES;
				MARKETING_VERSION = 1.0;
				PRODUCT_BUNDLE_IDENTIFIER = a2s.SudokuiOSTests;
				PRODUCT_NAME = "$(TARGET_NAME)";
				STRING_CATALOG_GENERATE_SYMBOLS = NO;
				SWIFT_APPROACHABLE_CONCURRENCY = YES;
				SWIFT_EMIT_LOC_STRINGS = NO;
				SWIFT_UPCOMING_FEATURE_MEMBER_IMPORT_VISIBILITY = YES;
				SWIFT_VERSION = 5.0;
				TARGETED_DEVICE_FAMILY = "1,2";
				TEST_HOST = "$(BUILT_PRODUCTS_DIR)/SudokuiOS.app/$(BUNDLE_EXECUTABLE_FOLDER_PATH)/SudokuiOS";
			};
			name = Debug;
		};
		52A994EE305CBDD4009074AB /* Release */ = {
			isa = XCBuildConfiguration;
			buildSettings = {
				BUNDLE_LOADER = "$(TEST_HOST)";
				CODE_SIGN_STYLE = Automatic;
				CURRENT_PROJECT_VERSION = 1;
				GENERATE_INFOPLIST_FILE = YES;
				MARKETING_VERSION = 1.0;
				PRODUCT_BUNDLE_IDENTIFIER = a2s.SudokuiOSTests;
				PRODUCT_NAME = "$(TARGET_NAME)";
				STRING_CATALOG_GENERATE_SYMBOLS = NO;
				SWIFT_APPROACHABLE_CONCURRENCY = YES;
				SWIFT_EMIT_LOC_STRINGS = NO;
				SWIFT_UPCOMING_FEATURE_MEMBER_IMPORT_VISIBILITY = YES;
				SWIFT_VERSION = 5.0;
				TARGETED_DEVICE_FAMILY = "1,2";
				TEST_HOST = "$(BUILT_PRODUCTS_DIR)/SudokuiOS.app/$(BUNDLE_EXECUTABLE_FOLDER_PATH)/SudokuiOS";
			};
			name = Release;
		};
		52EB3E092F1EFF2C00E067C1 /* Debug */ = {
			isa = XCBuildConfiguration;
			buildSettings = {
				ALWAYS_SEARCH_USER_PATHS = NO;
				ASSETCATALOG_COMPILER_GENERATE_SWIFT_ASSET_SYMBOL_EXTENSIONS = YES;
				CLANG_ANALYZER_NONNULL = YES;
				CLANG_ANALYZER_NUMBER_OBJECT_CONVERSION = YES_AGGRESSIVE;
				CLANG_CXX_LANGUAGE_STANDARD = "gnu++20";
				CLANG_ENABLE_MODULES = YES;
				CLANG_ENABLE_OBJC_ARC = YES;
				CLANG_ENABLE_OBJC_WEAK = YES;
				CLANG_WARN_BLOCK_CAPTURE_AUTORELEASING = YES;
				CLANG_WARN_BOOL_CONVERSION = YES;
				CLANG_WARN_COMMA = YES;
				CLANG_WARN_CONSTANT_CONVERSION = YES;
				CLANG_WARN_DEPRECATED_OBJC_IMPLEMENTATIONS = YES;
				CLANG_WARN_DIRECT_OBJC_ISA_USAGE = YES_ERROR;
				CLANG_WARN_DOCUMENTATION_COMMENTS = YES;
				CLANG_WARN_EMPTY_BODY = YES;
				CLANG_WARN_ENUM_CONVERSION = YES;
				CLANG_WARN_INFINITE_RECURSION = YES;
				CLANG_WARN_INT_CONVERSION = YES;
				CLANG_WARN_NON_LITERAL_NULL_CONVERSION = YES;
				CLANG_WARN_OBJC_IMPLICIT_RETAIN_SELF = YES;
				CLANG_WARN_OBJC_LITERAL_CONVERSION = YES;
				CLANG_WARN_OBJC_ROOT_CLASS = YES_ERROR;
				CLANG_WARN_QUOTED_INCLUDE_IN_FRAMEWORK_HEADER = YES;
				CLANG_WARN_RANGE_LOOP_ANALYSIS = YES;
				CLANG_WARN_STRICT_PROTOTYPES = YES;
				CLANG_WARN_SUSPICIOUS_MOVE = YES;
				CLANG_WARN_UNGUARDED_AVAILABILITY = YES_AGGRESSIVE;
				CLANG_WARN_UNREACHABLE_CODE = YES;
				CLANG_WARN__DUPLICATE_METHOD_MATCH = YES;
				COPY_PHASE_STRIP = NO;
				DEBUG_INFORMATION_FORMAT = dwarf;
				ENABLE_STRICT_OBJC_MSGSEND = YES;
				ENABLE_TESTABILITY = YES;
				ENABLE_USER_SCRIPT_SANDBOXING = YES;
				GCC_C_LANGUAGE_STANDARD = gnu17;
				GCC_DYNAMIC_NO_PIC = NO;
				GCC_NO_COMMON_BLOCKS = YES;
				GCC_OPTIMIZATION_LEVEL = 0;
				GCC_PREPROCESSOR_DEFINITIONS = (
					"DEBUG=1",
					"$(inherited)",
				);
				GCC_WARN_64_TO_32_BIT_CONVERSION = YES;
				GCC_WARN_ABOUT_RETURN_TYPE = YES_ERROR;
				GCC_WARN_UNDECLARED_SELECTOR = YES;
				GCC_WARN_UNINITIALIZED_AUTOS = YES_AGGRESSIVE;
				GCC_WARN_UNUSED_FUNCTION = YES;
				GCC_WARN_UNUSED_VARIABLE = YES;
				IPHONEOS_DEPLOYMENT_TARGET = 26.1;
				LOCALIZATION_PREFERS_STRING_CATALOGS = YES;
				MTL_ENABLE_DEBUG_INFO = INCLUDE_SOURCE;
				MTL_FAST_MATH = YES;
				ONLY_ACTIVE_ARCH = YES;
				SDKROOT = iphoneos;
				STRING_CATALOG_GENERATE_SYMBOLS = YES;
				SWIFT_ACTIVE_COMPILATION_CONDITIONS = "DEBUG $(inherited)";
				SWIFT_OPTIMIZATION_LEVEL = "-Onone";
			};
			name = Debug;
		};
		52EB3E0A2F1EFF2C00E067C1 /* Release */ = {
			isa = XCBuildConfiguration;
			buildSettings = {
				ALWAYS_SEARCH_USER_PATHS = NO;
				ASSETCATALOG_COMPILER_GENERATE_SWIFT_ASSET_SYMBOL_EXTENSIONS = YES;
				CLANG_ANALYZER_NONNULL = YES;
				CLANG_ANALYZER_NUMBER_OBJECT_CONVERSION = YES_AGGRESSIVE;
				CLANG_CXX_LANGUAGE_STANDARD = "gnu++20";
				CLANG_ENABLE_MODULES = YES;
				CLANG_ENABLE_OBJC_ARC = YES;
				CLANG_ENABLE_OBJC_WEAK = YES;
				CLANG_WARN_BLOCK_CAPTURE_AUTORELEASING = YES;
				CLANG_WARN_BOOL_CONVERSION = YES;
				CLANG_WARN_COMMA = YES;
				CLANG_WARN_CONSTANT_CONVERSION = YES;
				CLANG_WARN_DEPRECATED_OBJC_IMPLEMENTATIONS = YES;
				CLANG_WARN_DIRECT_OBJC_ISA_USAGE = YES_ERROR;
				CLANG_WARN_DOCUMENTATION_COMMENTS = YES;
				CLANG_WARN_EMPTY_BODY = YES;
				CLANG_WARN_ENUM_CONVERSION = YES;
				CLANG_WARN_INFINITE_RECURSION = YES;
				CLANG_WARN_INT_CONVERSION = YES;
				CLANG_WARN_NON_LITERAL_NULL_CONVERSION = YES;
				CLANG_WARN_OBJC_IMPLICIT_RETAIN_SELF = YES;
				CLANG_WARN_OBJC_LITERAL_CONVERSION = YES;
				CLANG_WARN_OBJC_ROOT_CLASS = YES_ERROR;
				CLANG_WARN_QUOTED_INCLUDE_IN_FRAMEWORK_HEADER = YES;
				CLANG_WARN_RANGE_LOOP_ANALYSIS = YES;
				CLANG_WARN_STRICT_PROTOTYPES = YES;
				CLANG_WARN_SUSPICIOUS_MOVE = YES;
				CLANG_WARN_UNGUARDED_AVAILABILITY = YES_AGGRESSIVE;
				CLANG_WARN_UNREACHABLE_CODE = YES;
				CLANG_WARN__DUPLICATE_METHOD_MATCH = YES;
				COPY_PHASE_STRIP = NO;
				DEBUG_INFORMATION_FORMAT = "dwarf-with-dsym";
				ENABLE_NS_ASSERTIONS = NO;
				ENABLE_STRICT_OBJC_MSGSEND = YES;
				ENABLE_USER_SCRIPT_SANDBOXING = YES;
				GCC_C_LANGUAGE_STANDARD = gnu17;
				GCC_NO_COMMON_BLOCKS = YES;
				GCC_WARN_64_TO_32_BIT_CONVERSION = YES;
				GCC_WARN_ABOUT_RETURN_TYPE = YES_ERROR;
				GCC_WARN_UNDECLARED_SELECTOR = YES;
				GCC_WARN_UNINITIALIZED_AUTOS = YES_AGGRESSIVE;
				GCC_WARN_UNUSED_FUNCTION = YES;
				GCC_WARN_UNUSED_VARIABLE = YES;
				IPHONEOS_DEPLOYMENT_TARGET = 26.1;
				LOCALIZATION_PREFERS_STRING_CATALOGS = YES;
				MTL_ENABLE_DEBUG_INFO = NO;
				MTL_FAST_MATH = YES;
				SDKROOT = iphoneos;
				STRING_CATALOG_GENERATE_SYMBOLS = YES;
				SWIFT_COMPILATION_MODE = wholemodule;
				VALIDATE_PRODUCT = YES;
			};
			name = Release;
		};
		52EB3E0C2F1EFF2C00E067C1 /* Debug */ = {
			isa = XCBuildConfiguration;
			buildSettings = {
				ASSETCATALOG_COMPILER_APPICON_NAME = AppIcon;
				ASSETCATALOG_COMPILER_GLOBAL_ACCENT_COLOR_NAME = AccentColor;
				CODE_SIGN_STYLE = Automatic;
				CURRENT_PROJECT_VERSION = 1;
				DEVELOPMENT_TEAM = 8LJV9HY74K;
				ENABLE_PREVIEWS = YES;
				GENERATE_INFOPLIST_FILE = YES;
				INFOPLIST_FILE = SudokuiOS/Info.plist;
				INFOPLIST_KEY_CFBundleDisplayName = "Sudoku Versa";
				INFOPLIST_KEY_NSMotionUsageDescription = "Interactive ad features may use device motion.";
				INFOPLIST_KEY_NSUserTrackingUsageDescription = "We need this to show you relevant ads.";
				INFOPLIST_KEY_UIApplicationSceneManifest_Generation = YES;
				INFOPLIST_KEY_UIApplicationSupportsIndirectInputEvents = YES;
				INFOPLIST_KEY_UILaunchScreen_Generation = YES;
				INFOPLIST_KEY_UISupportedInterfaceOrientations = UIInterfaceOrientationPortrait;
				INFOPLIST_KEY_UISupportedInterfaceOrientations_iPad = "UIInterfaceOrientationLandscapeLeft UIInterfaceOrientationLandscapeRight UIInterfaceOrientationPortrait UIInterfaceOrientationPortraitUpsideDown";
				LD_RUNPATH_SEARCH_PATHS = (
					"$(inherited)",
					"@executable_path/Frameworks",
				);
				MARKETING_VERSION = 1.0;
				PRODUCT_BUNDLE_IDENTIFIER = versa.SudokuiOS;
				PRODUCT_NAME = "$(TARGET_NAME)";
				STRING_CATALOG_GENERATE_SYMBOLS = YES;
				SWIFT_APPROACHABLE_CONCURRENCY = YES;
				SWIFT_DEFAULT_ACTOR_ISOLATION = MainActor;
				SWIFT_EMIT_LOC_STRINGS = YES;
				SWIFT_UPCOMING_FEATURE_MEMBER_IMPORT_VISIBILITY = YES;
				SWIFT_VERSION = 5.0;
				TARGETED_DEVICE_FAMILY = "1,2";
			};
			name = Debug;
		};
		52EB3E0D2F1EFF2C00E067C1 /* Release */ = {
			isa = XCBuildConfiguration;
			buildSettings = {
				ASSETCATALOG_COMPILER_APPICON_NAME = AppIcon;
				ASSETCATALOG_COMPILER_GLOBAL_ACCENT_COLOR_NAME = AccentColor;
				CODE_SIGN_STYLE = Automatic;
				CURRENT_PROJECT_VERSION = 1;
				DEVELOPMENT_TEAM = 8LJV9HY74K;
				ENABLE_PREVIEWS = YES;
				GENERATE_INFOPLIST_FILE = YES;
				INFOPLIST_FILE = SudokuiOS/Info.plist;
				INFOPLIST_KEY_CFBundleDisplayName = "Sudoku Versa";
				INFOPLIST_KEY_NSMotionUsageDescription = "Interactive ad features may use device motion.";
				INFOPLIST_KEY_NSUserTrackingUsageDescription = "We need this to show you relevant ads.";
				INFOPLIST_KEY_UIApplicationSceneManifest_Generation = YES;
				INFOPLIST_KEY_UIApplicationSupportsIndirectInputEvents = YES;
				INFOPLIST_KEY_UILaunchScreen_Generation = YES;
				INFOPLIST_KEY_UISupportedInterfaceOrientations = UIInterfaceOrientationPortrait;
				INFOPLIST_KEY_UISupportedInterfaceOrientations_iPad = "UIInterfaceOrientationLandscapeLeft UIInterfaceOrientationLandscapeRight UIInterfaceOrientationPortrait UIInterfaceOrientationPortraitUpsideDown";
				LD_RUNPATH_SEARCH_PATHS = (
					"$(inherited)",
					"@executable_path/Frameworks",
				);
				MARKETING_VERSION = 1.0;
				PRODUCT_BUNDLE_IDENTIFIER = versa.SudokuiOS;
				PRODUCT_NAME = "$(TARGET_NAME)";
				STRING_CATALOG_GENERATE_SYMBOLS = YES;
				SWIFT_APPROACHABLE_CONCURRENCY = YES;
				SWIFT_DEFAULT_ACTOR_ISOLATION = MainActor;
				SWIFT_EMIT_LOC_STRINGS = YES;
				SWIFT_UPCOMING_FEATURE_MEMBER_IMPORT_VISIBILITY = YES;
				SWIFT_VERSION = 5.0;
				TARGETED_DEVICE_FAMILY = "1,2";
			};
			name = Release;
		};
		52A99512305D0000009074AB /* Debug */ = {
			isa = XCBuildConfiguration;
			buildSettings = {
				CODE_SIGN_STYLE = Automatic;
				CURRENT_PROJECT_VERSION = 1;
				GENERATE_INFOPLIST_FILE = YES;
				MARKETING_VERSION = 1.0;
				PRODUCT_BUNDLE_IDENTIFIER = a2s.SudokuiOSUITests;
				PRODUCT_NAME = "$(TARGET_NAME)";
				STRING_CATALOG_GENERATE_SYMBOLS = NO;
				SWIFT_APPROACHABLE_CONCURRENCY = YES;
				SWIFT_EMIT_LOC_STRINGS = NO;
				SWIFT_UPCOMING_FEATURE_MEMBER_IMPORT_VISIBILITY = YES;
				SWIFT_VERSION = 5.0;
				TARGETED_DEVICE_FAMILY = "1,2";
				TEST_TARGET_NAME = SudokuiOS;
			};
			name = Debug;
		};
		52A99513305D0000009074AB /* Release */ = {
			isa = XCBuildConfiguration;
			buildSettings = {
				CODE_SIGN_STYLE = Automatic;
				CURRENT_PROJECT_VERSION = 1;
				GENERATE_INFOPLIST_FILE = YES;
				MARKETING_VERSION = 1.0;
				PRODUCT_BUNDLE_IDENTIFIER = a2s.SudokuiOSUITests;
				PRODUCT_NAME = "$(TARGET_NAME)";
				STRING_CATALOG_GENERATE_SYMBOLS = NO;
				SWIFT_APPROACHABLE_CONCURRENCY = YES;
				SWIFT_EMIT_LOC_STRINGS = NO;
				SWIFT_UPCOMING_FEATURE_MEMBER_IMPORT_VISIBILITY = YES;
				SWIFT_VERSION = 5.0;
				TARGETED_DEVICE_FAMILY = "1,2";
				TEST_TARGET_NAME = SudokuiOS;
			};
			name = Release;
		};
/* End XCBuildConfiguration section */

/* Begin XCConfigurationList section */
		52A994EC305CBDD4009074AB /* Build configuration list for PBXNativeTarget "SudokuiOSTests" */ = {
			isa = XCConfigurationList;
			buildConfigurations = (
				52A994ED305CBDD4009074AB /* Debug */,
				52A994EE305CBDD4009074AB /* Release */,
			);
			defaultConfigurationIsVisible = 0;
			defaultConfigurationName = Release;
		};
		52EB3DFB2F1EFF2800E067C1 /* Build configuration list for PBXProject "SudokuiOS" */ = {
			isa = XCConfigurationList;
			buildConfigurations = (
				52EB3E092F1EFF2C00E067C1 /* Debug */,
				52EB3E0A2F1EFF2C00E067C1 /* Release */,
			);
			defaultConfigurationIsVisible = 0;
			defaultConfigurationName = Release;
		};
		52EB3E0B2F1EFF2C00E067C1 /* Build configuration list for PBXNativeTarget "SudokuiOS" */ = {
			isa = XCConfigurationList;
			buildConfigurations = (
				52EB3E0C2F1EFF2C00E067C1 /* Debug */,
				52EB3E0D2F1EFF2C00E067C1 /* Release */,
			);
			defaultConfigurationIsVisible = 0;
			defaultConfigurationName = Release;
		};
		52A99511305D0000009074AB /* Build configuration list for PBXNativeTarget "SudokuiOSUITests" */ = {
			isa = XCConfigurationList;
			buildConfigurations = (
				52A99512305D0000009074AB /* Debug */,
				52A99513305D0000009074AB /* Release */,
			);
			defaultConfigurationIsVisible = 0;
			defaultConfigurationName = Release;
		};
/* End XCConfigurationList section */

	};
	rootObject = 52EB3DF82F1EFF2800E067C1 /* Project object */;
}
